
Microsoft Visual Studio Solution File, Format Version 12.00
# Visual Studio 15
VisualStudioVersion = 15.0.28307.168
MinimumVisualStudioVersion = 10.0.40219.1
Project("{888888A0-9F3D-457C-B088-3A5042F75D52}") = "CondenseMyTalk", "CondenseMyTalk\CondenseMyTalk.pyproj", "{06DEBF03-5238-45A2-A49F-38E4A25DFC88}"
EndProject
Global
	GlobalSection(SolutionConfigurationPlatforms) = preSolution
		Debug|Any CPU = Debug|Any CPU
		Release|Any CPU = Release|Any CPU
	EndGlobalSection
	GlobalSection(ProjectConfigurationPlatforms) = postSolution
		{06DEBF03-5238-45A2-A49F-38E4A25DFC88}.Debug|Any CPU.ActiveCfg = Debug|Any CPU
		{06DEBF03-5238-45A2-A49F-38E4A25DFC88}.Debug|Any CPU.Build.0 = Debug|Any CPU
		{06DEBF03-5238-45A2-A49F-38E4A25DFC88}.Release|Any CPU.ActiveCfg = Release|Any CPU
		{06DEBF03-5238-45A2-A49F-38E4A25DFC88}.Release|Any CPU.Build.0 = Release|Any CPU
	EndGlobalSection
	GlobalSection(SolutionProperties) = preSolution
		HideSolutionNode = FALSE
	EndGlobalSection
	GlobalSection(ExtensibilityGlobals) = postSolution
		SolutionGuid = {D4A69D02-CD13-42E9-9DD1-179B21025FD9}
	EndGlobalSection
EndGlobal
